
Microsoft Visual Studio Solution File, Format Version 12.00
# Visual Studio Version 17
VisualStudioVersion = 17.4.33110.190
MinimumVisualStudioVersion = 10.0.40219.1
Project("{FAE04EC0-301F-11D3-BF4B-00C04F79EFBC}") = "TimeX", "TimeX.csproj", "{7653B21F-CD0D-4DB8-889D-CE4FE3DC3FFE}"
EndProject
Global
	GlobalSection(SolutionConfigurationPlatforms) = preSolution
		Debug|Any CPU = Debug|Any CPU
		Release|Any CPU = Release|Any CPU
	EndGlobalSection
	GlobalSection(ProjectConfigurationPlatforms) = postSolution
		{7653B21F-CD0D-4DB8-889D-CE4FE3DC3FFE}.Debug|Any CPU.ActiveCfg = Debug|Any CPU
		{7653B21F-CD0D-4DB8-889D-CE4FE3DC3FFE}.Debug|Any CPU.Build.0 = Debug|Any CPU
		{7653B21F-CD0D-4DB8-889D-CE4FE3DC3FFE}.Release|Any CPU.ActiveCfg = Release|Any CPU
		{7653B21F-CD0D-4DB8-889D-CE4FE3DC3FFE}.Release|Any CPU.Build.0 = Release|Any CPU
	EndGlobalSection
	GlobalSection(SolutionProperties) = preSolution
		HideSolutionNode = FALSE
	EndGlobalSection
	GlobalSection(ExtensibilityGlobals) = postSolution
		SolutionGuid = {658FF2BF-D70F-46C8-A5B7-3615E4A9CC8E}
	EndGlobalSection
EndGlobal
